
Microsoft Visual Studio Solution File, Format Version 12.00
# Visual Studio Version 17
VisualStudioVersion = 17.5.33516.290
MinimumVisualStudioVersion = 10.0.40219.1
Project("{9A19103F-16F7-4668-BE54-9A1E7A4F7556}") = "WebSE", "WebSE\WebSE.csproj", "{76502426-CF26-4369-B3CC-7FB35867F055}"
EndProject
Project("{9A19103F-16F7-4668-BE54-9A1E7A4F7556}") = "Test", "Test\Test.csproj", "{2DBBD8FC-3C12-4C62-A79A-7173DE9B3AD1}"
EndProject
Project("{9A19103F-16F7-4668-BE54-9A1E7A4F7556}") = "In_out", "In_out\In_out.csproj", "{FEA64A83-2215-4819-BF8F-4F7B5C54BB05}"
EndProject
Project("{9A19103F-16F7-4668-BE54-9A1E7A4F7556}") = "ModelMID", "..\UniCS.TM\ModelMID\ModelMID.csproj", "{FE9D753C-5048-47FE-9A45-0B111F4378F0}"
EndProject
Project("{9A19103F-16F7-4668-BE54-9A1E7A4F7556}") = "Utils", "..\UniCS.TM\Utils\Utils.csproj", "{6C0CCDCF-DDF5-4B86-9E1B-BAFE0C6323B3}"
EndProject
Project("{9A19103F-16F7-4668-BE54-9A1E7A4F7556}") = "BRB5.Model", "..\BRB5\Model\BRB5.Model.csproj", "{E893DD96-315E-4B9E-B053-DBFE97754599}"
EndProject
Project("{FAE04EC0-301F-11D3-BF4B-00C04F79EFBC}") = "Supplyer", "Supplyer\Supplyer.csproj", "{88F63FD7-968F-44F5-934D-94AE527D51B4}"
EndProject
Project("{FAE04EC0-301F-11D3-BF4B-00C04F79EFBC}") = "LibApiDCT", "..\ApiDCT\LibApiDCT\LibApiDCT.csproj", "{2DCD3684-8969-9BE9-0ADC-09EE9D928F9F}"
EndProject
Project("{FAE04EC0-301F-11D3-BF4B-00C04F79EFBC}") = "SharedLib", "..\UniCS.TM\SharedLib\SharedLib.csproj", "{42AAE5FA-AC30-44E1-F832-434D61EF7B89}"
EndProject
Project("{FAE04EC0-301F-11D3-BF4B-00C04F79EFBC}") = "UtilNetwork", "..\UniCS.TM\UtilNetwork\UtilNetwork.csproj", "{5208EFF5-2200-E7D5-675E-515EA251BB26}"
EndProject
Global
	GlobalSection(SolutionConfigurationPlatforms) = preSolution
		Debug|Any CPU = Debug|Any CPU
		Release|Any CPU = Release|Any CPU
	EndGlobalSection
	GlobalSection(ProjectConfigurationPlatforms) = postSolution
		{76502426-CF26-4369-B3CC-7FB35867F055}.Debug|Any CPU.ActiveCfg = Debug|Any CPU
		{76502426-CF26-4369-B3CC-7FB35867F055}.Debug|Any CPU.Build.0 = Debug|Any CPU
		{76502426-CF26-4369-B3CC-7FB35867F055}.Release|Any CPU.ActiveCfg = Release|Any CPU
		{76502426-CF26-4369-B3CC-7FB35867F055}.Release|Any CPU.Build.0 = Release|Any CPU
		{2DBBD8FC-3C12-4C62-A79A-7173DE9B3AD1}.Debug|Any CPU.ActiveCfg = Debug|Any CPU
		{2DBBD8FC-3C12-4C62-A79A-7173DE9B3AD1}.Debug|Any CPU.Build.0 = Debug|Any CPU
		{2DBBD8FC-3C12-4C62-A79A-7173DE9B3AD1}.Release|Any CPU.ActiveCfg = Release|Any CPU
		{2DBBD8FC-3C12-4C62-A79A-7173DE9B3AD1}.Release|Any CPU.Build.0 = Release|Any CPU
		{FEA64A83-2215-4819-BF8F-4F7B5C54BB05}.Debug|Any CPU.ActiveCfg = Debug|Any CPU
		{FEA64A83-2215-4819-BF8F-4F7B5C54BB05}.Debug|Any CPU.Build.0 = Debug|Any CPU
		{FEA64A83-2215-4819-BF8F-4F7B5C54BB05}.Release|Any CPU.ActiveCfg = Release|Any CPU
		{FEA64A83-2215-4819-BF8F-4F7B5C54BB05}.Release|Any CPU.Build.0 = Release|Any CPU
		{FE9D753C-5048-47FE-9A45-0B111F4378F0}.Debug|Any CPU.ActiveCfg = Debug|Any CPU
		{FE9D753C-5048-47FE-9A45-0B111F4378F0}.Debug|Any CPU.Build.0 = Debug|Any CPU
		{FE9D753C-5048-47FE-9A45-0B111F4378F0}.Release|Any CPU.ActiveCfg = Release|Any CPU
		{FE9D753C-5048-47FE-9A45-0B111F4378F0}.Release|Any CPU.Build.0 = Release|Any CPU
		{6C0CCDCF-DDF5-4B86-9E1B-BAFE0C6323B3}.Debug|Any CPU.ActiveCfg = Debug|Any CPU
		{6C0CCDCF-DDF5-4B86-9E1B-BAFE0C6323B3}.Debug|Any CPU.Build.0 = Debug|Any CPU
		{6C0CCDCF-DDF5-4B86-9E1B-BAFE0C6323B3}.Release|Any CPU.ActiveCfg = Release|Any CPU
		{6C0CCDCF-DDF5-4B86-9E1B-BAFE0C6323B3}.Release|Any CPU.Build.0 = Release|Any CPU
		{E893DD96-315E-4B9E-B053-DBFE97754599}.Debug|Any CPU.ActiveCfg = Debug|Any CPU
		{E893DD96-315E-4B9E-B053-DBFE97754599}.Debug|Any CPU.Build.0 = Debug|Any CPU
		{E893DD96-315E-4B9E-B053-DBFE97754599}.Release|Any CPU.ActiveCfg = Release|Any CPU
		{E893DD96-315E-4B9E-B053-DBFE97754599}.Release|Any CPU.Build.0 = Release|Any CPU
		{88F63FD7-968F-44F5-934D-94AE527D51B4}.Debug|Any CPU.ActiveCfg = Debug|Any CPU
		{88F63FD7-968F-44F5-934D-94AE527D51B4}.Debug|Any CPU.Build.0 = Debug|Any CPU
		{88F63FD7-968F-44F5-934D-94AE527D51B4}.Release|Any CPU.ActiveCfg = Release|Any CPU
		{88F63FD7-968F-44F5-934D-94AE527D51B4}.Release|Any CPU.Build.0 = Release|Any CPU
		{2DCD3684-8969-9BE9-0ADC-09EE9D928F9F}.Debug|Any CPU.ActiveCfg = Debug|Any CPU
		{2DCD3684-8969-9BE9-0ADC-09EE9D928F9F}.Debug|Any CPU.Build.0 = Debug|Any CPU
		{2DCD3684-8969-9BE9-0ADC-09EE9D928F9F}.Release|Any CPU.ActiveCfg = Release|Any CPU
		{2DCD3684-8969-9BE9-0ADC-09EE9D928F9F}.Release|Any CPU.Build.0 = Release|Any CPU
		{42AAE5FA-AC30-44E1-F832-434D61EF7B89}.Debug|Any CPU.ActiveCfg = Debug|Any CPU
		{42AAE5FA-AC30-44E1-F832-434D61EF7B89}.Debug|Any CPU.Build.0 = Debug|Any CPU
		{42AAE5FA-AC30-44E1-F832-434D61EF7B89}.Release|Any CPU.ActiveCfg = Release|Any CPU
		{42AAE5FA-AC30-44E1-F832-434D61EF7B89}.Release|Any CPU.Build.0 = Release|Any CPU
		{5208EFF5-2200-E7D5-675E-515EA251BB26}.Debug|Any CPU.ActiveCfg = Debug|Any CPU
		{5208EFF5-2200-E7D5-675E-515EA251BB26}.Debug|Any CPU.Build.0 = Debug|Any CPU
		{5208EFF5-2200-E7D5-675E-515EA251BB26}.Release|Any CPU.ActiveCfg = Release|Any CPU
		{5208EFF5-2200-E7D5-675E-515EA251BB26}.Release|Any CPU.Build.0 = Release|Any CPU
	EndGlobalSection
	GlobalSection(SolutionProperties) = preSolution
		HideSolutionNode = FALSE
	EndGlobalSection
	GlobalSection(ExtensibilityGlobals) = postSolution
		SolutionGuid = {D6023DCB-EEB8-41EA-A6ED-1E6156AE01A0}
	EndGlobalSection
EndGlobal
